
Microsoft Visual Studio Solution File, Format Version 12.00
# Visual Studio Version 17
VisualStudioVersion = 17.4.33213.308
MinimumVisualStudioVersion = 10.0.40219.1
Project("{9A19103F-16F7-4668-BE54-9A1E7A4F7556}") = "01_Demos_Classes_03042023", "Exo_demo_03042023\01_Demos_Classes_03042023.csproj", "{DC7B7191-9811-4551-B0C0-4C1C8894BDB0}"
EndProject
Project("{2150E333-8FDC-42A3-9474-1A3956D46DE8}") = "Demos", "Demos", "{01063D14-3875-4048-A481-4737A0F37B44}"
EndProject
Project("{2150E333-8FDC-42A3-9474-1A3956D46DE8}") = "Exos", "Exos", "{94D862D3-DF9B-40E2-AC86-4A7E5455A6F5}"
EndProject
Project("{9A19103F-16F7-4668-BE54-9A1E7A4F7556}") = "Gestion_Banque1", "Gestion_Banque1\Gestion_Banque1.csproj", "{2C5FC31E-A778-460B-B50C-8A6B8085879B}"
EndProject
Project("{9A19103F-16F7-4668-BE54-9A1E7A4F7556}") = "02_Demos_Indexeurs_03042023", "02_Demos_Indexeurs_03042023\02_Demos_Indexeurs_03042023.csproj", "{69F0902F-5C63-4F39-B91B-8BB8D9292A57}"
EndProject
Project("{9A19103F-16F7-4668-BE54-9A1E7A4F7556}") = "Gestion_Banque2", "Gestion_Banque2\Gestion_Banque2.csproj", "{C49773CC-A438-4C2F-B6D2-46DCF11113E5}"
EndProject
Project("{2150E333-8FDC-42A3-9474-1A3956D46DE8}") = "Corrections", "Corrections", "{6BDF938E-E701-4D15-99B0-8367113915E2}"
EndProject
Project("{9A19103F-16F7-4668-BE54-9A1E7A4F7556}") = "Gestion_Banque3", "Gestion_Banque3\Gestion_Banque3.csproj", "{DA3DE4E0-039C-4C46-8F75-DB7287440573}"
EndProject
Project("{9A19103F-16F7-4668-BE54-9A1E7A4F7556}") = "03bis Démo surcharge", "..\Demo\Demo.Net_Core\03bis Démo surcharge.csproj", "{A102258E-B1D5-451F-809C-D97F603699F8}"
EndProject
Project("{9A19103F-16F7-4668-BE54-9A1E7A4F7556}") = "03_Demos surcharge", "..\Banque_NetCore2023-master\Banque_NetCore2023\03_Demos surcharge.csproj", "{C7D1EF8E-F11A-4EC8-B88C-F3FBF82DAC3B}"
EndProject
Project("{9A19103F-16F7-4668-BE54-9A1E7A4F7556}") = "03ter_Démo", "Demo03ter\03ter_Démo.csproj", "{B6C3C8C6-1450-428D-B718-43A2C8AE30D3}"
EndProject
Project("{9A19103F-16F7-4668-BE54-9A1E7A4F7556}") = "Models", "Models\Models.csproj", "{97A8B5DD-CBA7-4468-9363-EF328C39C1F2}"
EndProject
Project("{9A19103F-16F7-4668-BE54-9A1E7A4F7556}") = "Gestion_Banque4", "Gestion4\Gestion_Banque4.csproj", "{BB785A87-775F-4429-81DC-F3F147582ED6}"
EndProject
Project("{FAE04EC0-301F-11D3-BF4B-00C04F79EFBC}") = "Gestion_Banque5", "GestionBanque5\Gestion_Banque5.csproj", "{4CE0C65E-7ABA-49E9-88BA-5707EB77FF53}"
EndProject
Project("{FAE04EC0-301F-11D3-BF4B-00C04F79EFBC}") = "Gestion_Banque6", "GestionBanque6\Gestion_Banque6.csproj", "{50CA0B2F-D72F-4A50-A171-0E6FEDE23468}"
EndProject
Global
	GlobalSection(SolutionConfigurationPlatforms) = preSolution
		Debug|Any CPU = Debug|Any CPU
		Release|Any CPU = Release|Any CPU
	EndGlobalSection
	GlobalSection(ProjectConfigurationPlatforms) = postSolution
		{DC7B7191-9811-4551-B0C0-4C1C8894BDB0}.Debug|Any CPU.ActiveCfg = Debug|Any CPU
		{DC7B7191-9811-4551-B0C0-4C1C8894BDB0}.Debug|Any CPU.Build.0 = Debug|Any CPU
		{DC7B7191-9811-4551-B0C0-4C1C8894BDB0}.Release|Any CPU.ActiveCfg = Release|Any CPU
		{DC7B7191-9811-4551-B0C0-4C1C8894BDB0}.Release|Any CPU.Build.0 = Release|Any CPU
		{2C5FC31E-A778-460B-B50C-8A6B8085879B}.Debug|Any CPU.ActiveCfg = Debug|Any CPU
		{2C5FC31E-A778-460B-B50C-8A6B8085879B}.Debug|Any CPU.Build.0 = Debug|Any CPU
		{2C5FC31E-A778-460B-B50C-8A6B8085879B}.Release|Any CPU.ActiveCfg = Release|Any CPU
		{2C5FC31E-A778-460B-B50C-8A6B8085879B}.Release|Any CPU.Build.0 = Release|Any CPU
		{69F0902F-5C63-4F39-B91B-8BB8D9292A57}.Debug|Any CPU.ActiveCfg = Debug|Any CPU
		{69F0902F-5C63-4F39-B91B-8BB8D9292A57}.Debug|Any CPU.Build.0 = Debug|Any CPU
		{69F0902F-5C63-4F39-B91B-8BB8D9292A57}.Release|Any CPU.ActiveCfg = Release|Any CPU
		{69F0902F-5C63-4F39-B91B-8BB8D9292A57}.Release|Any CPU.Build.0 = Release|Any CPU
		{C49773CC-A438-4C2F-B6D2-46DCF11113E5}.Debug|Any CPU.ActiveCfg = Debug|Any CPU
		{C49773CC-A438-4C2F-B6D2-46DCF11113E5}.Debug|Any CPU.Build.0 = Debug|Any CPU
		{C49773CC-A438-4C2F-B6D2-46DCF11113E5}.Release|Any CPU.ActiveCfg = Release|Any CPU
		{C49773CC-A438-4C2F-B6D2-46DCF11113E5}.Release|Any CPU.Build.0 = Release|Any CPU
		{DA3DE4E0-039C-4C46-8F75-DB7287440573}.Debug|Any CPU.ActiveCfg = Debug|Any CPU
		{DA3DE4E0-039C-4C46-8F75-DB7287440573}.Debug|Any CPU.Build.0 = Debug|Any CPU
		{DA3DE4E0-039C-4C46-8F75-DB7287440573}.Release|Any CPU.ActiveCfg = Release|Any CPU
		{DA3DE4E0-039C-4C46-8F75-DB7287440573}.Release|Any CPU.Build.0 = Release|Any CPU
		{A102258E-B1D5-451F-809C-D97F603699F8}.Debug|Any CPU.ActiveCfg = Debug|Any CPU
		{A102258E-B1D5-451F-809C-D97F603699F8}.Debug|Any CPU.Build.0 = Debug|Any CPU
		{A102258E-B1D5-451F-809C-D97F603699F8}.Release|Any CPU.ActiveCfg = Release|Any CPU
		{A102258E-B1D5-451F-809C-D97F603699F8}.Release|Any CPU.Build.0 = Release|Any CPU
		{C7D1EF8E-F11A-4EC8-B88C-F3FBF82DAC3B}.Debug|Any CPU.ActiveCfg = Debug|Any CPU
		{C7D1EF8E-F11A-4EC8-B88C-F3FBF82DAC3B}.Debug|Any CPU.Build.0 = Debug|Any CPU
		{C7D1EF8E-F11A-4EC8-B88C-F3FBF82DAC3B}.Release|Any CPU.ActiveCfg = Release|Any CPU
		{C7D1EF8E-F11A-4EC8-B88C-F3FBF82DAC3B}.Release|Any CPU.Build.0 = Release|Any CPU
		{B6C3C8C6-1450-428D-B718-43A2C8AE30D3}.Debug|Any CPU.ActiveCfg = Debug|Any CPU
		{B6C3C8C6-1450-428D-B718-43A2C8AE30D3}.Debug|Any CPU.Build.0 = Debug|Any CPU
		{B6C3C8C6-1450-428D-B718-43A2C8AE30D3}.Release|Any CPU.ActiveCfg = Release|Any CPU
		{B6C3C8C6-1450-428D-B718-43A2C8AE30D3}.Release|Any CPU.Build.0 = Release|Any CPU
		{97A8B5DD-CBA7-4468-9363-EF328C39C1F2}.Debug|Any CPU.ActiveCfg = Debug|Any CPU
		{97A8B5DD-CBA7-4468-9363-EF328C39C1F2}.Debug|Any CPU.Build.0 = Debug|Any CPU
		{97A8B5DD-CBA7-4468-9363-EF328C39C1F2}.Release|Any CPU.ActiveCfg = Release|Any CPU
		{97A8B5DD-CBA7-4468-9363-EF328C39C1F2}.Release|Any CPU.Build.0 = Release|Any CPU
		{BB785A87-775F-4429-81DC-F3F147582ED6}.Debug|Any CPU.ActiveCfg = Debug|Any CPU
		{BB785A87-775F-4429-81DC-F3F147582ED6}.Debug|Any CPU.Build.0 = Debug|Any CPU
		{BB785A87-775F-4429-81DC-F3F147582ED6}.Release|Any CPU.ActiveCfg = Release|Any CPU
		{BB785A87-775F-4429-81DC-F3F147582ED6}.Release|Any CPU.Build.0 = Release|Any CPU
		{4CE0C65E-7ABA-49E9-88BA-5707EB77FF53}.Debug|Any CPU.ActiveCfg = Debug|Any CPU
		{4CE0C65E-7ABA-49E9-88BA-5707EB77FF53}.Debug|Any CPU.Build.0 = Debug|Any CPU
		{4CE0C65E-7ABA-49E9-88BA-5707EB77FF53}.Release|Any CPU.ActiveCfg = Release|Any CPU
		{4CE0C65E-7ABA-49E9-88BA-5707EB77FF53}.Release|Any CPU.Build.0 = Release|Any CPU
		{50CA0B2F-D72F-4A50-A171-0E6FEDE23468}.Debug|Any CPU.ActiveCfg = Debug|Any CPU
		{50CA0B2F-D72F-4A50-A171-0E6FEDE23468}.Debug|Any CPU.Build.0 = Debug|Any CPU
		{50CA0B2F-D72F-4A50-A171-0E6FEDE23468}.Release|Any CPU.ActiveCfg = Release|Any CPU
		{50CA0B2F-D72F-4A50-A171-0E6FEDE23468}.Release|Any CPU.Build.0 = Release|Any CPU
	EndGlobalSection
	GlobalSection(SolutionProperties) = preSolution
		HideSolutionNode = FALSE
	EndGlobalSection
	GlobalSection(NestedProjects) = preSolution
		{DC7B7191-9811-4551-B0C0-4C1C8894BDB0} = {01063D14-3875-4048-A481-4737A0F37B44}
		{2C5FC31E-A778-460B-B50C-8A6B8085879B} = {94D862D3-DF9B-40E2-AC86-4A7E5455A6F5}
		{69F0902F-5C63-4F39-B91B-8BB8D9292A57} = {01063D14-3875-4048-A481-4737A0F37B44}
		{C49773CC-A438-4C2F-B6D2-46DCF11113E5} = {94D862D3-DF9B-40E2-AC86-4A7E5455A6F5}
		{DA3DE4E0-039C-4C46-8F75-DB7287440573} = {94D862D3-DF9B-40E2-AC86-4A7E5455A6F5}
		{A102258E-B1D5-451F-809C-D97F603699F8} = {01063D14-3875-4048-A481-4737A0F37B44}
		{C7D1EF8E-F11A-4EC8-B88C-F3FBF82DAC3B} = {01063D14-3875-4048-A481-4737A0F37B44}
		{B6C3C8C6-1450-428D-B718-43A2C8AE30D3} = {01063D14-3875-4048-A481-4737A0F37B44}
		{97A8B5DD-CBA7-4468-9363-EF328C39C1F2} = {01063D14-3875-4048-A481-4737A0F37B44}
		{BB785A87-775F-4429-81DC-F3F147582ED6} = {94D862D3-DF9B-40E2-AC86-4A7E5455A6F5}
		{4CE0C65E-7ABA-49E9-88BA-5707EB77FF53} = {94D862D3-DF9B-40E2-AC86-4A7E5455A6F5}
		{50CA0B2F-D72F-4A50-A171-0E6FEDE23468} = {94D862D3-DF9B-40E2-AC86-4A7E5455A6F5}
	EndGlobalSection
	GlobalSection(ExtensibilityGlobals) = postSolution
		SolutionGuid = {37962AB4-450A-45C6-8203-B623946C86BE}
	EndGlobalSection
EndGlobal
