
Microsoft Visual Studio Solution File, Format Version 12.00
# Visual Studio Version 17
VisualStudioVersion = 17.4.33213.308
MinimumVisualStudioVersion = 10.0.40219.1
Project("{9A19103F-16F7-4668-BE54-9A1E7A4F7556}") = "01_Demos_Classes_03042023", "Exo_demo_03042023\01_Demos_Classes_03042023.csproj", "{DC7B7191-9811-4551-B0C0-4C1C8894BDB0}"
EndProject
Project("{2150E333-8FDC-42A3-9474-1A3956D46DE8}") = "02 Demos", "02 Demos", "{01063D14-3875-4048-A481-4737A0F37B44}"
EndProject
Project("{2150E333-8FDC-42A3-9474-1A3956D46DE8}") = "03 Exos", "03 Exos", "{94D862D3-DF9B-40E2-AC86-4A7E5455A6F5}"
EndProject
Project("{9A19103F-16F7-4668-BE54-9A1E7A4F7556}") = "Gestion_Banque1", "Gestion_Banque1\Gestion_Banque1.csproj", "{2C5FC31E-A778-460B-B50C-8A6B8085879B}"
EndProject
Project("{9A19103F-16F7-4668-BE54-9A1E7A4F7556}") = "02_Demos_Indexeurs_03042023", "02_Demos_Indexeurs_03042023\02_Demos_Indexeurs_03042023.csproj", "{69F0902F-5C63-4F39-B91B-8BB8D9292A57}"
EndProject
Project("{9A19103F-16F7-4668-BE54-9A1E7A4F7556}") = "Gestion_Banque2", "Gestion_Banque2\Gestion_Banque2.csproj", "{C49773CC-A438-4C2F-B6D2-46DCF11113E5}"
EndProject
Project("{9A19103F-16F7-4668-BE54-9A1E7A4F7556}") = "Gestion_Banque3", "Gestion_Banque3\Gestion_Banque3.csproj", "{DA3DE4E0-039C-4C46-8F75-DB7287440573}"
EndProject
Project("{9A19103F-16F7-4668-BE54-9A1E7A4F7556}") = "03_bis Démo surcharge", "..\Demo\Demo.Net_Core\03_bis Démo surcharge.csproj", "{A102258E-B1D5-451F-809C-D97F603699F8}"
EndProject
Project("{9A19103F-16F7-4668-BE54-9A1E7A4F7556}") = "03_Demos surcharge", "..\Banque_NetCore2023-master\Banque_NetCore2023\03_Demos surcharge.csproj", "{C7D1EF8E-F11A-4EC8-B88C-F3FBF82DAC3B}"
EndProject
Project("{9A19103F-16F7-4668-BE54-9A1E7A4F7556}") = "03_ter_Démo", "Demo03ter\03_ter_Démo.csproj", "{B6C3C8C6-1450-428D-B718-43A2C8AE30D3}"
EndProject
Project("{9A19103F-16F7-4668-BE54-9A1E7A4F7556}") = "00_Models", "Models\00_Models.csproj", "{97A8B5DD-CBA7-4468-9363-EF328C39C1F2}"
EndProject
Project("{9A19103F-16F7-4668-BE54-9A1E7A4F7556}") = "Gestion_Banque4", "Gestion4\Gestion_Banque4.csproj", "{BB785A87-775F-4429-81DC-F3F147582ED6}"
EndProject
Project("{9A19103F-16F7-4668-BE54-9A1E7A4F7556}") = "Gestion_Banque5", "GestionBanque5\Gestion_Banque5.csproj", "{4CE0C65E-7ABA-49E9-88BA-5707EB77FF53}"
EndProject
Project("{9A19103F-16F7-4668-BE54-9A1E7A4F7556}") = "Gestion_Banque6", "GestionBanque6\Gestion_Banque6.csproj", "{50CA0B2F-D72F-4A50-A171-0E6FEDE23468}"
EndProject
Project("{9A19103F-16F7-4668-BE54-9A1E7A4F7556}") = "Gestion_Banque7", "Gestion Banque 7\Gestion_Banque7.csproj", "{3A02520D-FFBD-4931-81F7-7E7549F5A9CB}"
EndProject
Project("{9A19103F-16F7-4668-BE54-9A1E7A4F7556}") = "04_Demo_Abstract", "..\Demo\Demo_Abstract\04_Demo_Abstract.csproj", "{0C782ADB-E918-4A38-B666-6FBF1653FA6A}"
EndProject
Project("{9A19103F-16F7-4668-BE54-9A1E7A4F7556}") = "05_Demo_Constructeurs", "..\Demo\Demo_Constructeurs\05_Demo_Constructeurs.csproj", "{D11F7DCE-0FE1-4071-902F-87FFB5CAADC1}"
EndProject
Project("{2150E333-8FDC-42A3-9474-1A3956D46DE8}") = "01 Démos ESSENTIALS", "01 Démos ESSENTIALS", "{8D6FDE9B-3CD2-4F54-AA54-5E004DBE47D0}"
EndProject
Project("{9A19103F-16F7-4668-BE54-9A1E7A4F7556}") = "demo_abstract", "..\..\..\..\..\..\03. Essentials IT 2023\01. Cours\08. DOT.Net Labo\02 Labo_Exo\01 Labo DotNet\ESS4IT_C_SHARP_OO\demo_abstract\demo_abstract.csproj", "{BA5CCBD4-F9B0-4C35-91AF-61634D275D99}"
EndProject
Project("{FAE04EC0-301F-11D3-BF4B-00C04F79EFBC}") = "Gestion_Banque8", "Gestion_Banque8\Gestion_Banque8.csproj", "{78444244-3835-4B53-BD79-646CE1CC758A}"
EndProject
Project("{2150E333-8FDC-42A3-9474-1A3956D46DE8}") = "00 Corrections Essentials", "00 Corrections Essentials", "{FD42E3C9-8F86-4D6B-9EE5-5FE8C4C7FB4E}"
EndProject
Project("{9A19103F-16F7-4668-BE54-9A1E7A4F7556}") = "GestionBanque1", "..\..\..\..\..\..\03. Essentials IT 2023\01. Cours\08. DOT.Net Labo\02 Labo_Exo\01 Labo DotNet\ESS4IT_C_SHARP_OO\GestionBanque1\GestionBanque1.csproj", "{252770A2-6972-4D31-B79E-155ECF470437}"
EndProject
Project("{9A19103F-16F7-4668-BE54-9A1E7A4F7556}") = "GestionBanque2", "..\..\..\..\..\..\03. Essentials IT 2023\01. Cours\08. DOT.Net Labo\02 Labo_Exo\01 Labo DotNet\ESS4IT_C_SHARP_OO\GestionBanque2\GestionBanque2.csproj", "{F36C49FA-B626-4780-9088-F806F6540455}"
EndProject
Project("{9A19103F-16F7-4668-BE54-9A1E7A4F7556}") = "GestionBanque3", "..\..\..\..\..\..\03. Essentials IT 2023\01. Cours\08. DOT.Net Labo\02 Labo_Exo\01 Labo DotNet\ESS4IT_C_SHARP_OO\GestionBanque3\GestionBanque3.csproj", "{CEFE9BED-C6A0-474E-95E6-305D032B95B3}"
EndProject
Project("{9A19103F-16F7-4668-BE54-9A1E7A4F7556}") = "gestionBanque4", "..\..\..\..\..\..\03. Essentials IT 2023\01. Cours\08. DOT.Net Labo\02 Labo_Exo\01 Labo DotNet\ESS4IT_C_SHARP_OO\gestionBanque4\gestionBanque4.csproj", "{60A92EE6-4C84-4CD3-AEEF-59DB8B39E14D}"
EndProject
Project("{9A19103F-16F7-4668-BE54-9A1E7A4F7556}") = "gestionBanque4-2", "..\..\..\..\..\..\03. Essentials IT 2023\01. Cours\08. DOT.Net Labo\02 Labo_Exo\01 Labo DotNet\ESS4IT_C_SHARP_OO\gestionBanque4-2\gestionBanque4-2.csproj", "{F28434E8-1999-4B59-81ED-D03D1D6432E0}"
EndProject
Project("{9A19103F-16F7-4668-BE54-9A1E7A4F7556}") = "gestionBanque5", "..\..\..\..\..\..\03. Essentials IT 2023\01. Cours\08. DOT.Net Labo\02 Labo_Exo\01 Labo DotNet\ESS4IT_C_SHARP_OO\gestionBanque5\gestionBanque5.csproj", "{5E4B1FE3-DB12-48AD-AC19-11DF35EA7277}"
EndProject
Project("{9A19103F-16F7-4668-BE54-9A1E7A4F7556}") = "gestionBanque6", "..\..\..\..\..\..\03. Essentials IT 2023\01. Cours\08. DOT.Net Labo\02 Labo_Exo\01 Labo DotNet\ESS4IT_C_SHARP_OO\gestionBanque6\gestionBanque6.csproj", "{B5C95BAD-3EA3-44E6-A6F8-84F26B053B6E}"
EndProject
Project("{9A19103F-16F7-4668-BE54-9A1E7A4F7556}") = "gestionBanque7", "..\..\..\..\..\..\03. Essentials IT 2023\01. Cours\08. DOT.Net Labo\02 Labo_Exo\01 Labo DotNet\ESS4IT_C_SHARP_OO\gestionBanque7\gestionBanque7.csproj", "{F6FB0F3A-4D58-461D-805B-4E73068F995F}"
EndProject
Project("{9A19103F-16F7-4668-BE54-9A1E7A4F7556}") = "gestionBanque8", "..\..\..\..\..\..\03. Essentials IT 2023\01. Cours\08. DOT.Net Labo\02 Labo_Exo\01 Labo DotNet\ESS4IT_C_SHARP_OO\gestionBanque8\gestionBanque8.csproj", "{8B277CE7-DBBE-4671-88CD-D0AC684C5EFA}"
EndProject
Project("{9A19103F-16F7-4668-BE54-9A1E7A4F7556}") = "gestionBanque9", "..\..\..\..\..\..\03. Essentials IT 2023\01. Cours\08. DOT.Net Labo\02 Labo_Exo\01 Labo DotNet\ESS4IT_C_SHARP_OO\gestionBanque9\gestionBanque9.csproj", "{967AB5A2-460D-4A72-8913-9CF128357FDE}"
EndProject
Project("{9A19103F-16F7-4668-BE54-9A1E7A4F7556}") = "demo_constructeurs", "..\..\..\..\..\..\03. Essentials IT 2023\01. Cours\08. DOT.Net Labo\02 Labo_Exo\01 Labo DotNet\ESS4IT_C_SHARP_OO\demo_constructeurs\demo_constructeurs.csproj", "{A792FEA6-0E73-43DC-9FA3-53141B714A88}"
EndProject
Project("{9A19103F-16F7-4668-BE54-9A1E7A4F7556}") = "demo_exeption", "..\..\..\..\..\..\03. Essentials IT 2023\01. Cours\08. DOT.Net Labo\02 Labo_Exo\01 Labo DotNet\ESS4IT_C_SHARP_OO\demo_exeption\demo_exeption.csproj", "{0919DEF5-54ED-488C-A661-C11FF9B1F704}"
EndProject
Project("{9A19103F-16F7-4668-BE54-9A1E7A4F7556}") = "demo_Class_Prop", "..\..\..\..\..\..\03. Essentials IT 2023\01. Cours\08. DOT.Net Labo\02 Labo_Exo\01 Labo DotNet\ESS4IT_C_SHARP_OO\Demos_Class_Prop\demo_Class_Prop.csproj", "{985EBB5E-26EB-4F2D-8EBE-61550A8E039B}"
EndProject
Project("{9A19103F-16F7-4668-BE54-9A1E7A4F7556}") = "demo_heritage", "..\..\..\..\..\..\03. Essentials IT 2023\01. Cours\08. DOT.Net Labo\02 Labo_Exo\01 Labo DotNet\ESS4IT_C_SHARP_OO\demos_heritage\demo_heritage.csproj", "{6C1709F6-D570-4B3A-B8AB-7BB9395A5AC7}"
EndProject
Project("{9A19103F-16F7-4668-BE54-9A1E7A4F7556}") = "demo_indexeurs", "..\..\..\..\..\..\03. Essentials IT 2023\01. Cours\08. DOT.Net Labo\02 Labo_Exo\01 Labo DotNet\ESS4IT_C_SHARP_OO\demos_indexeurs\demo_indexeurs.csproj", "{EA3D91A4-E70C-44FB-92A3-3821C61E65C1}"
EndProject
Global
	GlobalSection(SolutionConfigurationPlatforms) = preSolution
		Debug|Any CPU = Debug|Any CPU
		Release|Any CPU = Release|Any CPU
	EndGlobalSection
	GlobalSection(ProjectConfigurationPlatforms) = postSolution
		{DC7B7191-9811-4551-B0C0-4C1C8894BDB0}.Debug|Any CPU.ActiveCfg = Debug|Any CPU
		{DC7B7191-9811-4551-B0C0-4C1C8894BDB0}.Debug|Any CPU.Build.0 = Debug|Any CPU
		{DC7B7191-9811-4551-B0C0-4C1C8894BDB0}.Release|Any CPU.ActiveCfg = Release|Any CPU
		{DC7B7191-9811-4551-B0C0-4C1C8894BDB0}.Release|Any CPU.Build.0 = Release|Any CPU
		{2C5FC31E-A778-460B-B50C-8A6B8085879B}.Debug|Any CPU.ActiveCfg = Debug|Any CPU
		{2C5FC31E-A778-460B-B50C-8A6B8085879B}.Debug|Any CPU.Build.0 = Debug|Any CPU
		{2C5FC31E-A778-460B-B50C-8A6B8085879B}.Release|Any CPU.ActiveCfg = Release|Any CPU
		{2C5FC31E-A778-460B-B50C-8A6B8085879B}.Release|Any CPU.Build.0 = Release|Any CPU
		{69F0902F-5C63-4F39-B91B-8BB8D9292A57}.Debug|Any CPU.ActiveCfg = Debug|Any CPU
		{69F0902F-5C63-4F39-B91B-8BB8D9292A57}.Debug|Any CPU.Build.0 = Debug|Any CPU
		{69F0902F-5C63-4F39-B91B-8BB8D9292A57}.Release|Any CPU.ActiveCfg = Release|Any CPU
		{69F0902F-5C63-4F39-B91B-8BB8D9292A57}.Release|Any CPU.Build.0 = Release|Any CPU
		{C49773CC-A438-4C2F-B6D2-46DCF11113E5}.Debug|Any CPU.ActiveCfg = Debug|Any CPU
		{C49773CC-A438-4C2F-B6D2-46DCF11113E5}.Debug|Any CPU.Build.0 = Debug|Any CPU
		{C49773CC-A438-4C2F-B6D2-46DCF11113E5}.Release|Any CPU.ActiveCfg = Release|Any CPU
		{C49773CC-A438-4C2F-B6D2-46DCF11113E5}.Release|Any CPU.Build.0 = Release|Any CPU
		{DA3DE4E0-039C-4C46-8F75-DB7287440573}.Debug|Any CPU.ActiveCfg = Debug|Any CPU
		{DA3DE4E0-039C-4C46-8F75-DB7287440573}.Debug|Any CPU.Build.0 = Debug|Any CPU
		{DA3DE4E0-039C-4C46-8F75-DB7287440573}.Release|Any CPU.ActiveCfg = Release|Any CPU
		{DA3DE4E0-039C-4C46-8F75-DB7287440573}.Release|Any CPU.Build.0 = Release|Any CPU
		{A102258E-B1D5-451F-809C-D97F603699F8}.Debug|Any CPU.ActiveCfg = Debug|Any CPU
		{A102258E-B1D5-451F-809C-D97F603699F8}.Debug|Any CPU.Build.0 = Debug|Any CPU
		{A102258E-B1D5-451F-809C-D97F603699F8}.Release|Any CPU.ActiveCfg = Release|Any CPU
		{A102258E-B1D5-451F-809C-D97F603699F8}.Release|Any CPU.Build.0 = Release|Any CPU
		{C7D1EF8E-F11A-4EC8-B88C-F3FBF82DAC3B}.Debug|Any CPU.ActiveCfg = Debug|Any CPU
		{C7D1EF8E-F11A-4EC8-B88C-F3FBF82DAC3B}.Debug|Any CPU.Build.0 = Debug|Any CPU
		{C7D1EF8E-F11A-4EC8-B88C-F3FBF82DAC3B}.Release|Any CPU.ActiveCfg = Release|Any CPU
		{C7D1EF8E-F11A-4EC8-B88C-F3FBF82DAC3B}.Release|Any CPU.Build.0 = Release|Any CPU
		{B6C3C8C6-1450-428D-B718-43A2C8AE30D3}.Debug|Any CPU.ActiveCfg = Debug|Any CPU
		{B6C3C8C6-1450-428D-B718-43A2C8AE30D3}.Debug|Any CPU.Build.0 = Debug|Any CPU
		{B6C3C8C6-1450-428D-B718-43A2C8AE30D3}.Release|Any CPU.ActiveCfg = Release|Any CPU
		{B6C3C8C6-1450-428D-B718-43A2C8AE30D3}.Release|Any CPU.Build.0 = Release|Any CPU
		{97A8B5DD-CBA7-4468-9363-EF328C39C1F2}.Debug|Any CPU.ActiveCfg = Debug|Any CPU
		{97A8B5DD-CBA7-4468-9363-EF328C39C1F2}.Debug|Any CPU.Build.0 = Debug|Any CPU
		{97A8B5DD-CBA7-4468-9363-EF328C39C1F2}.Release|Any CPU.ActiveCfg = Release|Any CPU
		{97A8B5DD-CBA7-4468-9363-EF328C39C1F2}.Release|Any CPU.Build.0 = Release|Any CPU
		{BB785A87-775F-4429-81DC-F3F147582ED6}.Debug|Any CPU.ActiveCfg = Debug|Any CPU
		{BB785A87-775F-4429-81DC-F3F147582ED6}.Debug|Any CPU.Build.0 = Debug|Any CPU
		{BB785A87-775F-4429-81DC-F3F147582ED6}.Release|Any CPU.ActiveCfg = Release|Any CPU
		{BB785A87-775F-4429-81DC-F3F147582ED6}.Release|Any CPU.Build.0 = Release|Any CPU
		{4CE0C65E-7ABA-49E9-88BA-5707EB77FF53}.Debug|Any CPU.ActiveCfg = Debug|Any CPU
		{4CE0C65E-7ABA-49E9-88BA-5707EB77FF53}.Debug|Any CPU.Build.0 = Debug|Any CPU
		{4CE0C65E-7ABA-49E9-88BA-5707EB77FF53}.Release|Any CPU.ActiveCfg = Release|Any CPU
		{4CE0C65E-7ABA-49E9-88BA-5707EB77FF53}.Release|Any CPU.Build.0 = Release|Any CPU
		{50CA0B2F-D72F-4A50-A171-0E6FEDE23468}.Debug|Any CPU.ActiveCfg = Debug|Any CPU
		{50CA0B2F-D72F-4A50-A171-0E6FEDE23468}.Debug|Any CPU.Build.0 = Debug|Any CPU
		{50CA0B2F-D72F-4A50-A171-0E6FEDE23468}.Release|Any CPU.ActiveCfg = Release|Any CPU
		{50CA0B2F-D72F-4A50-A171-0E6FEDE23468}.Release|Any CPU.Build.0 = Release|Any CPU
		{3A02520D-FFBD-4931-81F7-7E7549F5A9CB}.Debug|Any CPU.ActiveCfg = Debug|Any CPU
		{3A02520D-FFBD-4931-81F7-7E7549F5A9CB}.Debug|Any CPU.Build.0 = Debug|Any CPU
		{3A02520D-FFBD-4931-81F7-7E7549F5A9CB}.Release|Any CPU.ActiveCfg = Release|Any CPU
		{3A02520D-FFBD-4931-81F7-7E7549F5A9CB}.Release|Any CPU.Build.0 = Release|Any CPU
		{0C782ADB-E918-4A38-B666-6FBF1653FA6A}.Debug|Any CPU.ActiveCfg = Debug|Any CPU
		{0C782ADB-E918-4A38-B666-6FBF1653FA6A}.Debug|Any CPU.Build.0 = Debug|Any CPU
		{0C782ADB-E918-4A38-B666-6FBF1653FA6A}.Release|Any CPU.ActiveCfg = Release|Any CPU
		{0C782ADB-E918-4A38-B666-6FBF1653FA6A}.Release|Any CPU.Build.0 = Release|Any CPU
		{D11F7DCE-0FE1-4071-902F-87FFB5CAADC1}.Debug|Any CPU.ActiveCfg = Debug|Any CPU
		{D11F7DCE-0FE1-4071-902F-87FFB5CAADC1}.Debug|Any CPU.Build.0 = Debug|Any CPU
		{D11F7DCE-0FE1-4071-902F-87FFB5CAADC1}.Release|Any CPU.ActiveCfg = Release|Any CPU
		{D11F7DCE-0FE1-4071-902F-87FFB5CAADC1}.Release|Any CPU.Build.0 = Release|Any CPU
		{BA5CCBD4-F9B0-4C35-91AF-61634D275D99}.Debug|Any CPU.ActiveCfg = Debug|Any CPU
		{BA5CCBD4-F9B0-4C35-91AF-61634D275D99}.Debug|Any CPU.Build.0 = Debug|Any CPU
		{BA5CCBD4-F9B0-4C35-91AF-61634D275D99}.Release|Any CPU.ActiveCfg = Release|Any CPU
		{BA5CCBD4-F9B0-4C35-91AF-61634D275D99}.Release|Any CPU.Build.0 = Release|Any CPU
		{78444244-3835-4B53-BD79-646CE1CC758A}.Debug|Any CPU.ActiveCfg = Debug|Any CPU
		{78444244-3835-4B53-BD79-646CE1CC758A}.Debug|Any CPU.Build.0 = Debug|Any CPU
		{78444244-3835-4B53-BD79-646CE1CC758A}.Release|Any CPU.ActiveCfg = Release|Any CPU
		{78444244-3835-4B53-BD79-646CE1CC758A}.Release|Any CPU.Build.0 = Release|Any CPU
		{252770A2-6972-4D31-B79E-155ECF470437}.Debug|Any CPU.ActiveCfg = Debug|Any CPU
		{252770A2-6972-4D31-B79E-155ECF470437}.Debug|Any CPU.Build.0 = Debug|Any CPU
		{252770A2-6972-4D31-B79E-155ECF470437}.Release|Any CPU.ActiveCfg = Release|Any CPU
		{252770A2-6972-4D31-B79E-155ECF470437}.Release|Any CPU.Build.0 = Release|Any CPU
		{F36C49FA-B626-4780-9088-F806F6540455}.Debug|Any CPU.ActiveCfg = Debug|Any CPU
		{F36C49FA-B626-4780-9088-F806F6540455}.Debug|Any CPU.Build.0 = Debug|Any CPU
		{F36C49FA-B626-4780-9088-F806F6540455}.Release|Any CPU.ActiveCfg = Release|Any CPU
		{F36C49FA-B626-4780-9088-F806F6540455}.Release|Any CPU.Build.0 = Release|Any CPU
		{CEFE9BED-C6A0-474E-95E6-305D032B95B3}.Debug|Any CPU.ActiveCfg = Debug|Any CPU
		{CEFE9BED-C6A0-474E-95E6-305D032B95B3}.Debug|Any CPU.Build.0 = Debug|Any CPU
		{CEFE9BED-C6A0-474E-95E6-305D032B95B3}.Release|Any CPU.ActiveCfg = Release|Any CPU
		{CEFE9BED-C6A0-474E-95E6-305D032B95B3}.Release|Any CPU.Build.0 = Release|Any CPU
		{60A92EE6-4C84-4CD3-AEEF-59DB8B39E14D}.Debug|Any CPU.ActiveCfg = Debug|Any CPU
		{60A92EE6-4C84-4CD3-AEEF-59DB8B39E14D}.Debug|Any CPU.Build.0 = Debug|Any CPU
		{60A92EE6-4C84-4CD3-AEEF-59DB8B39E14D}.Release|Any CPU.ActiveCfg = Release|Any CPU
		{60A92EE6-4C84-4CD3-AEEF-59DB8B39E14D}.Release|Any CPU.Build.0 = Release|Any CPU
		{F28434E8-1999-4B59-81ED-D03D1D6432E0}.Debug|Any CPU.ActiveCfg = Debug|Any CPU
		{F28434E8-1999-4B59-81ED-D03D1D6432E0}.Debug|Any CPU.Build.0 = Debug|Any CPU
		{F28434E8-1999-4B59-81ED-D03D1D6432E0}.Release|Any CPU.ActiveCfg = Release|Any CPU
		{F28434E8-1999-4B59-81ED-D03D1D6432E0}.Release|Any CPU.Build.0 = Release|Any CPU
		{5E4B1FE3-DB12-48AD-AC19-11DF35EA7277}.Debug|Any CPU.ActiveCfg = Debug|Any CPU
		{5E4B1FE3-DB12-48AD-AC19-11DF35EA7277}.Debug|Any CPU.Build.0 = Debug|Any CPU
		{5E4B1FE3-DB12-48AD-AC19-11DF35EA7277}.Release|Any CPU.ActiveCfg = Release|Any CPU
		{5E4B1FE3-DB12-48AD-AC19-11DF35EA7277}.Release|Any CPU.Build.0 = Release|Any CPU
		{B5C95BAD-3EA3-44E6-A6F8-84F26B053B6E}.Debug|Any CPU.ActiveCfg = Debug|Any CPU
		{B5C95BAD-3EA3-44E6-A6F8-84F26B053B6E}.Debug|Any CPU.Build.0 = Debug|Any CPU
		{B5C95BAD-3EA3-44E6-A6F8-84F26B053B6E}.Release|Any CPU.ActiveCfg = Release|Any CPU
		{B5C95BAD-3EA3-44E6-A6F8-84F26B053B6E}.Release|Any CPU.Build.0 = Release|Any CPU
		{F6FB0F3A-4D58-461D-805B-4E73068F995F}.Debug|Any CPU.ActiveCfg = Debug|Any CPU
		{F6FB0F3A-4D58-461D-805B-4E73068F995F}.Debug|Any CPU.Build.0 = Debug|Any CPU
		{F6FB0F3A-4D58-461D-805B-4E73068F995F}.Release|Any CPU.ActiveCfg = Release|Any CPU
		{F6FB0F3A-4D58-461D-805B-4E73068F995F}.Release|Any CPU.Build.0 = Release|Any CPU
		{8B277CE7-DBBE-4671-88CD-D0AC684C5EFA}.Debug|Any CPU.ActiveCfg = Debug|Any CPU
		{8B277CE7-DBBE-4671-88CD-D0AC684C5EFA}.Debug|Any CPU.Build.0 = Debug|Any CPU
		{8B277CE7-DBBE-4671-88CD-D0AC684C5EFA}.Release|Any CPU.ActiveCfg = Release|Any CPU
		{8B277CE7-DBBE-4671-88CD-D0AC684C5EFA}.Release|Any CPU.Build.0 = Release|Any CPU
		{967AB5A2-460D-4A72-8913-9CF128357FDE}.Debug|Any CPU.ActiveCfg = Debug|Any CPU
		{967AB5A2-460D-4A72-8913-9CF128357FDE}.Debug|Any CPU.Build.0 = Debug|Any CPU
		{967AB5A2-460D-4A72-8913-9CF128357FDE}.Release|Any CPU.ActiveCfg = Release|Any CPU
		{967AB5A2-460D-4A72-8913-9CF128357FDE}.Release|Any CPU.Build.0 = Release|Any CPU
		{A792FEA6-0E73-43DC-9FA3-53141B714A88}.Debug|Any CPU.ActiveCfg = Debug|Any CPU
		{A792FEA6-0E73-43DC-9FA3-53141B714A88}.Debug|Any CPU.Build.0 = Debug|Any CPU
		{A792FEA6-0E73-43DC-9FA3-53141B714A88}.Release|Any CPU.ActiveCfg = Release|Any CPU
		{A792FEA6-0E73-43DC-9FA3-53141B714A88}.Release|Any CPU.Build.0 = Release|Any CPU
		{0919DEF5-54ED-488C-A661-C11FF9B1F704}.Debug|Any CPU.ActiveCfg = Debug|Any CPU
		{0919DEF5-54ED-488C-A661-C11FF9B1F704}.Debug|Any CPU.Build.0 = Debug|Any CPU
		{0919DEF5-54ED-488C-A661-C11FF9B1F704}.Release|Any CPU.ActiveCfg = Release|Any CPU
		{0919DEF5-54ED-488C-A661-C11FF9B1F704}.Release|Any CPU.Build.0 = Release|Any CPU
		{985EBB5E-26EB-4F2D-8EBE-61550A8E039B}.Debug|Any CPU.ActiveCfg = Debug|Any CPU
		{985EBB5E-26EB-4F2D-8EBE-61550A8E039B}.Debug|Any CPU.Build.0 = Debug|Any CPU
		{985EBB5E-26EB-4F2D-8EBE-61550A8E039B}.Release|Any CPU.ActiveCfg = Release|Any CPU
		{985EBB5E-26EB-4F2D-8EBE-61550A8E039B}.Release|Any CPU.Build.0 = Release|Any CPU
		{6C1709F6-D570-4B3A-B8AB-7BB9395A5AC7}.Debug|Any CPU.ActiveCfg = Debug|Any CPU
		{6C1709F6-D570-4B3A-B8AB-7BB9395A5AC7}.Debug|Any CPU.Build.0 = Debug|Any CPU
		{6C1709F6-D570-4B3A-B8AB-7BB9395A5AC7}.Release|Any CPU.ActiveCfg = Release|Any CPU
		{6C1709F6-D570-4B3A-B8AB-7BB9395A5AC7}.Release|Any CPU.Build.0 = Release|Any CPU
		{EA3D91A4-E70C-44FB-92A3-3821C61E65C1}.Debug|Any CPU.ActiveCfg = Debug|Any CPU
		{EA3D91A4-E70C-44FB-92A3-3821C61E65C1}.Debug|Any CPU.Build.0 = Debug|Any CPU
		{EA3D91A4-E70C-44FB-92A3-3821C61E65C1}.Release|Any CPU.ActiveCfg = Release|Any CPU
		{EA3D91A4-E70C-44FB-92A3-3821C61E65C1}.Release|Any CPU.Build.0 = Release|Any CPU
	EndGlobalSection
	GlobalSection(SolutionProperties) = preSolution
		HideSolutionNode = FALSE
	EndGlobalSection
	GlobalSection(NestedProjects) = preSolution
		{DC7B7191-9811-4551-B0C0-4C1C8894BDB0} = {01063D14-3875-4048-A481-4737A0F37B44}
		{2C5FC31E-A778-460B-B50C-8A6B8085879B} = {94D862D3-DF9B-40E2-AC86-4A7E5455A6F5}
		{69F0902F-5C63-4F39-B91B-8BB8D9292A57} = {01063D14-3875-4048-A481-4737A0F37B44}
		{C49773CC-A438-4C2F-B6D2-46DCF11113E5} = {94D862D3-DF9B-40E2-AC86-4A7E5455A6F5}
		{DA3DE4E0-039C-4C46-8F75-DB7287440573} = {94D862D3-DF9B-40E2-AC86-4A7E5455A6F5}
		{A102258E-B1D5-451F-809C-D97F603699F8} = {01063D14-3875-4048-A481-4737A0F37B44}
		{C7D1EF8E-F11A-4EC8-B88C-F3FBF82DAC3B} = {01063D14-3875-4048-A481-4737A0F37B44}
		{B6C3C8C6-1450-428D-B718-43A2C8AE30D3} = {01063D14-3875-4048-A481-4737A0F37B44}
		{97A8B5DD-CBA7-4468-9363-EF328C39C1F2} = {01063D14-3875-4048-A481-4737A0F37B44}
		{BB785A87-775F-4429-81DC-F3F147582ED6} = {94D862D3-DF9B-40E2-AC86-4A7E5455A6F5}
		{4CE0C65E-7ABA-49E9-88BA-5707EB77FF53} = {94D862D3-DF9B-40E2-AC86-4A7E5455A6F5}
		{50CA0B2F-D72F-4A50-A171-0E6FEDE23468} = {94D862D3-DF9B-40E2-AC86-4A7E5455A6F5}
		{3A02520D-FFBD-4931-81F7-7E7549F5A9CB} = {94D862D3-DF9B-40E2-AC86-4A7E5455A6F5}
		{0C782ADB-E918-4A38-B666-6FBF1653FA6A} = {01063D14-3875-4048-A481-4737A0F37B44}
		{D11F7DCE-0FE1-4071-902F-87FFB5CAADC1} = {01063D14-3875-4048-A481-4737A0F37B44}
		{BA5CCBD4-F9B0-4C35-91AF-61634D275D99} = {8D6FDE9B-3CD2-4F54-AA54-5E004DBE47D0}
		{78444244-3835-4B53-BD79-646CE1CC758A} = {94D862D3-DF9B-40E2-AC86-4A7E5455A6F5}
		{252770A2-6972-4D31-B79E-155ECF470437} = {FD42E3C9-8F86-4D6B-9EE5-5FE8C4C7FB4E}
		{F36C49FA-B626-4780-9088-F806F6540455} = {FD42E3C9-8F86-4D6B-9EE5-5FE8C4C7FB4E}
		{CEFE9BED-C6A0-474E-95E6-305D032B95B3} = {FD42E3C9-8F86-4D6B-9EE5-5FE8C4C7FB4E}
		{60A92EE6-4C84-4CD3-AEEF-59DB8B39E14D} = {FD42E3C9-8F86-4D6B-9EE5-5FE8C4C7FB4E}
		{F28434E8-1999-4B59-81ED-D03D1D6432E0} = {FD42E3C9-8F86-4D6B-9EE5-5FE8C4C7FB4E}
		{5E4B1FE3-DB12-48AD-AC19-11DF35EA7277} = {FD42E3C9-8F86-4D6B-9EE5-5FE8C4C7FB4E}
		{B5C95BAD-3EA3-44E6-A6F8-84F26B053B6E} = {FD42E3C9-8F86-4D6B-9EE5-5FE8C4C7FB4E}
		{F6FB0F3A-4D58-461D-805B-4E73068F995F} = {FD42E3C9-8F86-4D6B-9EE5-5FE8C4C7FB4E}
		{8B277CE7-DBBE-4671-88CD-D0AC684C5EFA} = {FD42E3C9-8F86-4D6B-9EE5-5FE8C4C7FB4E}
		{967AB5A2-460D-4A72-8913-9CF128357FDE} = {FD42E3C9-8F86-4D6B-9EE5-5FE8C4C7FB4E}
		{A792FEA6-0E73-43DC-9FA3-53141B714A88} = {8D6FDE9B-3CD2-4F54-AA54-5E004DBE47D0}
		{0919DEF5-54ED-488C-A661-C11FF9B1F704} = {8D6FDE9B-3CD2-4F54-AA54-5E004DBE47D0}
		{985EBB5E-26EB-4F2D-8EBE-61550A8E039B} = {8D6FDE9B-3CD2-4F54-AA54-5E004DBE47D0}
		{6C1709F6-D570-4B3A-B8AB-7BB9395A5AC7} = {8D6FDE9B-3CD2-4F54-AA54-5E004DBE47D0}
		{EA3D91A4-E70C-44FB-92A3-3821C61E65C1} = {8D6FDE9B-3CD2-4F54-AA54-5E004DBE47D0}
	EndGlobalSection
	GlobalSection(ExtensibilityGlobals) = postSolution
		SolutionGuid = {37962AB4-450A-45C6-8203-B623946C86BE}
	EndGlobalSection
EndGlobal
